
Microsoft Visual Studio Solution File, Format Version 12.00
# Visual Studio Version 17
VisualStudioVersion = 17.14.36603.0 d17.14
MinimumVisualStudioVersion = 10.0.40219.1
Project("{8BC9CEB8-8B4A-11D0-8D11-00A0C91BC942}") = "p18", "p18\p18.vcxproj", "{94E5CCFA-BBC7-4D69-8C4E-45A3B40D59CD}"
EndProject
Global
	GlobalSection(SolutionConfigurationPlatforms) = preSolution
		Debug|x64 = Debug|x64
		Debug|x86 = Debug|x86
		Release|x64 = Release|x64
		Release|x86 = Release|x86
	EndGlobalSection
	GlobalSection(ProjectConfigurationPlatforms) = postSolution
		{94E5CCFA-BBC7-4D69-8C4E-45A3B40D59CD}.Debug|x64.ActiveCfg = Debug|x64
		{94E5CCFA-BBC7-4D69-8C4E-45A3B40D59CD}.Debug|x64.Build.0 = Debug|x64
		{94E5CCFA-BBC7-4D69-8C4E-45A3B40D59CD}.Debug|x86.ActiveCfg = Debug|Win32
		{94E5CCFA-BBC7-4D69-8C4E-45A3B40D59CD}.Debug|x86.Build.0 = Debug|Win32
		{94E5CCFA-BBC7-4D69-8C4E-45A3B40D59CD}.Release|x64.ActiveCfg = Release|x64
		{94E5CCFA-BBC7-4D69-8C4E-45A3B40D59CD}.Release|x64.Build.0 = Release|x64
		{94E5CCFA-BBC7-4D69-8C4E-45A3B40D59CD}.Release|x86.ActiveCfg = Release|Win32
		{94E5CCFA-BBC7-4D69-8C4E-45A3B40D59CD}.Release|x86.Build.0 = Release|Win32
	EndGlobalSection
	GlobalSection(SolutionProperties) = preSolution
		HideSolutionNode = FALSE
	EndGlobalSection
	GlobalSection(ExtensibilityGlobals) = postSolution
		SolutionGuid = {D7A84A6A-A902-4735-8A51-8CA13DBF7517}
	EndGlobalSection
EndGlobal
